
Microsoft Visual Studio Solution File, Format Version 12.00
# Visual Studio Version 17
VisualStudioVersion = 17.2.32630.192
MinimumVisualStudioVersion = 10.0.40219.1
Project("{9A19103F-16F7-4668-BE54-9A1E7A4F7556}") = "Bilard", "Bilard.csproj", "{8DE8AF69-EE4F-4FDA-9D3F-8410E1CB28C9}"
EndProject
Global
	GlobalSection(SolutionConfigurationPlatforms) = preSolution
		Debug|Any CPU = Debug|Any CPU
		Release|Any CPU = Release|Any CPU
	EndGlobalSection
	GlobalSection(ProjectConfigurationPlatforms) = postSolution
		{8DE8AF69-EE4F-4FDA-9D3F-8410E1CB28C9}.Debug|Any CPU.ActiveCfg = Debug|Any CPU
		{8DE8AF69-EE4F-4FDA-9D3F-8410E1CB28C9}.Debug|Any CPU.Build.0 = Debug|Any CPU
		{8DE8AF69-EE4F-4FDA-9D3F-8410E1CB28C9}.Release|Any CPU.ActiveCfg = Release|Any CPU
		{8DE8AF69-EE4F-4FDA-9D3F-8410E1CB28C9}.Release|Any CPU.Build.0 = Release|Any CPU
	EndGlobalSection
	GlobalSection(SolutionProperties) = preSolution
		HideSolutionNode = FALSE
	EndGlobalSection
	GlobalSection(ExtensibilityGlobals) = postSolution
		SolutionGuid = {8D70E967-1056-4836-BA4B-A133283B65A3}
	EndGlobalSection
EndGlobal
